// !$*UTF8*$!
{
	archiveVersion = 1;
	classes = {
	};
	objectVersion = 55;
	objects = {

/* Begin PBXBuildFile section */
		9B06FE48288B3D5300C79D15 /* Rulebook in Frameworks */ = {isa = PBXBuildFile; productRef = 9B06FE47288B3D5300C79D15 /* Rulebook */; };
		9B06FE4B288B3E0F00C79D15 /* RulebookExtensions.swift in Sources */ = {isa = PBXBuildFile; fileRef = 9B06FE4A288B3E0F00C79D15 /* RulebookExtensions.swift */; };
		9B7928E428116CBC0098DCA0 /* NPCGen_AssistApp.swift in Sources */ = {isa = PBXBuildFile; fileRef = 9B7928E328116CBC0098DCA0 /* NPCGen_AssistApp.swift */; };
		9B7928E628116CBC0098DCA0 /* ContentView.swift in Sources */ = {isa = PBXBuildFile; fileRef = 9B7928E528116CBC0098DCA0 /* ContentView.swift */; };
		9B7928E828116CBD0098DCA0 /* Assets.xcassets in Resources */ = {isa = PBXBuildFile; fileRef = 9B7928E728116CBD0098DCA0 /* Assets.xcassets */; };
		9B7928EB28116CBD0098DCA0 /* Preview Assets.xcassets in Resources */ = {isa = PBXBuildFile; fileRef = 9B7928EA28116CBD0098DCA0 /* Preview Assets.xcassets */; };
		9B7928F528116CBD0098DCA0 /* NPCGen_AssistTests.swift in Sources */ = {isa = PBXBuildFile; fileRef = 9B7928F428116CBD0098DCA0 /* NPCGen_AssistTests.swift */; };
		9B79291F2811706C0098DCA0 /* Race.swift in Sources */ = {isa = PBXBuildFile; fileRef = 9B7929192811706C0098DCA0 /* Race.swift */; };
		9B7929202811706C0098DCA0 /* Occupation.swift in Sources */ = {isa = PBXBuildFile; fileRef = 9B79291A2811706C0098DCA0 /* Occupation.swift */; };
		9B7929212811706C0098DCA0 /* Trait.swift in Sources */ = {isa = PBXBuildFile; fileRef = 9B79291B2811706C0098DCA0 /* Trait.swift */; };
		9B7929222811706C0098DCA0 /* Armor.swift in Sources */ = {isa = PBXBuildFile; fileRef = 9B79291C2811706C0098DCA0 /* Armor.swift */; };
		9B7929232811706C0098DCA0 /* Action.swift in Sources */ = {isa = PBXBuildFile; fileRef = 9B79291D2811706C0098DCA0 /* Action.swift */; };
		9B7929242811706C0098DCA0 /* Compendium.swift in Sources */ = {isa = PBXBuildFile; fileRef = 9B79291E2811706C0098DCA0 /* Compendium.swift */; };
		9B79293A281171DB0098DCA0 /* Gender.swift in Sources */ = {isa = PBXBuildFile; fileRef = 9B792926281171DB0098DCA0 /* Gender.swift */; };
		9B79293B281171DB0098DCA0 /* Language.swift in Sources */ = {isa = PBXBuildFile; fileRef = 9B792927281171DB0098DCA0 /* Language.swift */; };
		9B79293C281171DB0098DCA0 /* SavingThrow.swift in Sources */ = {isa = PBXBuildFile; fileRef = 9B792928281171DB0098DCA0 /* SavingThrow.swift */; };
		9B79293D281171DB0098DCA0 /* Ability.swift in Sources */ = {isa = PBXBuildFile; fileRef = 9B792929281171DB0098DCA0 /* Ability.swift */; };
		9B79293E281171DB0098DCA0 /* Condition.swift in Sources */ = {isa = PBXBuildFile; fileRef = 9B79292A281171DB0098DCA0 /* Condition.swift */; };
		9B79293F281171DB0098DCA0 /* Proficiency.swift in Sources */ = {isa = PBXBuildFile; fileRef = 9B79292B281171DB0098DCA0 /* Proficiency.swift */; };
		9B792940281171DB0098DCA0 /* Alignment.swift in Sources */ = {isa = PBXBuildFile; fileRef = 9B79292C281171DB0098DCA0 /* Alignment.swift */; };
		9B792941281171DB0098DCA0 /* Challenge.swift in Sources */ = {isa = PBXBuildFile; fileRef = 9B79292D281171DB0098DCA0 /* Challenge.swift */; };
		9B792942281171DB0098DCA0 /* Vision.swift in Sources */ = {isa = PBXBuildFile; fileRef = 9B79292E281171DB0098DCA0 /* Vision.swift */; };
		9B792943281171DB0098DCA0 /* Size.swift in Sources */ = {isa = PBXBuildFile; fileRef = 9B79292F281171DB0098DCA0 /* Size.swift */; };
		9B792944281171DB0098DCA0 /* Details.swift in Sources */ = {isa = PBXBuildFile; fileRef = 9B792931281171DB0098DCA0 /* Details.swift */; };
		9B792945281171DB0098DCA0 /* Flaw.swift in Sources */ = {isa = PBXBuildFile; fileRef = 9B792932281171DB0098DCA0 /* Flaw.swift */; };
		9B792946281171DB0098DCA0 /* Bond.swift in Sources */ = {isa = PBXBuildFile; fileRef = 9B792933281171DB0098DCA0 /* Bond.swift */; };
		9B792947281171DB0098DCA0 /* Talent.swift in Sources */ = {isa = PBXBuildFile; fileRef = 9B792934281171DB0098DCA0 /* Talent.swift */; };
		9B792948281171DB0098DCA0 /* Mannerism.swift in Sources */ = {isa = PBXBuildFile; fileRef = 9B792935281171DB0098DCA0 /* Mannerism.swift */; };
		9B792949281171DB0098DCA0 /* Appearance.swift in Sources */ = {isa = PBXBuildFile; fileRef = 9B792936281171DB0098DCA0 /* Appearance.swift */; };
		9B79294A281171DB0098DCA0 /* NPC.swift in Sources */ = {isa = PBXBuildFile; fileRef = 9B792937281171DB0098DCA0 /* NPC.swift */; };
		9B79294B281171DB0098DCA0 /* Speed.swift in Sources */ = {isa = PBXBuildFile; fileRef = 9B792938281171DB0098DCA0 /* Speed.swift */; };
		9B79294C281171DB0098DCA0 /* Skill.swift in Sources */ = {isa = PBXBuildFile; fileRef = 9B792939281171DB0098DCA0 /* Skill.swift */; };
		9B7929572811727F0098DCA0 /* FirebaseCommunity.swift in Sources */ = {isa = PBXBuildFile; fileRef = 9B79294F2811727F0098DCA0 /* FirebaseCommunity.swift */; };
		9B7929592811727F0098DCA0 /* FirebaseCompendium.swift in Sources */ = {isa = PBXBuildFile; fileRef = 9B7929512811727F0098DCA0 /* FirebaseCompendium.swift */; };
		9B79295A2811727F0098DCA0 /* FirebaseAuthorization.swift in Sources */ = {isa = PBXBuildFile; fileRef = 9B7929522811727F0098DCA0 /* FirebaseAuthorization.swift */; };
		9B79295D2811727F0098DCA0 /* FirebaseManager.swift in Sources */ = {isa = PBXBuildFile; fileRef = 9B7929552811727F0098DCA0 /* FirebaseManager.swift */; };
		9B79296E281172A20098DCA0 /* UIButtonExtension.swift in Sources */ = {isa = PBXBuildFile; fileRef = 9B79295F281172A20098DCA0 /* UIButtonExtension.swift */; };
		9B79296F281172A20098DCA0 /* UITableViewCellExtension.swift in Sources */ = {isa = PBXBuildFile; fileRef = 9B792960281172A20098DCA0 /* UITableViewCellExtension.swift */; };
		9B792970281172A20098DCA0 /* ArrayExtension.swift in Sources */ = {isa = PBXBuildFile; fileRef = 9B792961281172A20098DCA0 /* ArrayExtension.swift */; };
		9B792971281172A20098DCA0 /* UILabelExtension.swift in Sources */ = {isa = PBXBuildFile; fileRef = 9B792962281172A20098DCA0 /* UILabelExtension.swift */; };
		9B792972281172A20098DCA0 /* UIApplicationExtension.swift in Sources */ = {isa = PBXBuildFile; fileRef = 9B792963281172A20098DCA0 /* UIApplicationExtension.swift */; };
		9B792973281172A20098DCA0 /* IntExtension.swift in Sources */ = {isa = PBXBuildFile; fileRef = 9B792964281172A20098DCA0 /* IntExtension.swift */; };
		9B792974281172A20098DCA0 /* UIViewControllerExtension.swift in Sources */ = {isa = PBXBuildFile; fileRef = 9B792965281172A20098DCA0 /* UIViewControllerExtension.swift */; };
		9B792975281172A20098DCA0 /* UIViewExtension.swift in Sources */ = {isa = PBXBuildFile; fileRef = 9B792966281172A20098DCA0 /* UIViewExtension.swift */; };
		9B792976281172A20098DCA0 /* UIStackViewExtension.swift in Sources */ = {isa = PBXBuildFile; fileRef = 9B792967281172A20098DCA0 /* UIStackViewExtension.swift */; };
		9B792977281172A20098DCA0 /* UIDeviceExtension.swift in Sources */ = {isa = PBXBuildFile; fileRef = 9B792968281172A20098DCA0 /* UIDeviceExtension.swift */; };
		9B792978281172A20098DCA0 /* ClosedRangeExtension.swift in Sources */ = {isa = PBXBuildFile; fileRef = 9B792969281172A20098DCA0 /* ClosedRangeExtension.swift */; };
		9B792979281172A20098DCA0 /* BoolExtension.swift in Sources */ = {isa = PBXBuildFile; fileRef = 9B79296A281172A20098DCA0 /* BoolExtension.swift */; };
		9B79297A281172A20098DCA0 /* DataExtension.swift in Sources */ = {isa = PBXBuildFile; fileRef = 9B79296B281172A20098DCA0 /* DataExtension.swift */; };
		9B79297B281172A20098DCA0 /* StringExtension.swift in Sources */ = {isa = PBXBuildFile; fileRef = 9B79296C281172A20098DCA0 /* StringExtension.swift */; };
		9B79297C281172A20098DCA0 /* AuthenticationServicesExtension.swift in Sources */ = {isa = PBXBuildFile; fileRef = 9B79296D281172A20098DCA0 /* AuthenticationServicesExtension.swift */; };
		9B79297F281173AB0098DCA0 /* User.swift in Sources */ = {isa = PBXBuildFile; fileRef = 9B79297E281173AB0098DCA0 /* User.swift */; };
		9B792981281173FC0098DCA0 /* Exporter.swift in Sources */ = {isa = PBXBuildFile; fileRef = 9B792980281173FC0098DCA0 /* Exporter.swift */; };
		9B792983281174AB0098DCA0 /* Die.swift in Sources */ = {isa = PBXBuildFile; fileRef = 9B792982281174AB0098DCA0 /* Die.swift */; };
		9B792985281192920098DCA0 /* firebase.json in Resources */ = {isa = PBXBuildFile; fileRef = 9B792984281192910098DCA0 /* firebase.json */; };
		9B7F965628794B5C008A1861 /* GoogleService-Info.plist in Resources */ = {isa = PBXBuildFile; fileRef = 9B7F965528794B5B008A1861 /* GoogleService-Info.plist */; };
		9B7F96B428799078008A1861 /* NPCGenAssistTests.swift in Sources */ = {isa = PBXBuildFile; fileRef = 9B7F96B328799078008A1861 /* NPCGenAssistTests.swift */; };
		9B7F96BB287992A4008A1861 /* BundleExtension.swift in Sources */ = {isa = PBXBuildFile; fileRef = 9B7F96BA287992A4008A1861 /* BundleExtension.swift */; };
		9B7F96BD28799352008A1861 /* GenerationTests.swift in Sources */ = {isa = PBXBuildFile; fileRef = 9B7F96BC28799352008A1861 /* GenerationTests.swift */; };
		9BBE05D12879B99C00F9A417 /* GoogleService-Info-DEBUG.plist in Resources */ = {isa = PBXBuildFile; fileRef = 9BBE05D02879B99C00F9A417 /* GoogleService-Info-DEBUG.plist */; };
		9BC9FC96288B36DC00885E5A /* FireStorage in Frameworks */ = {isa = PBXBuildFile; productRef = 9BC9FC95288B36DC00885E5A /* FireStorage */; };
/* End PBXBuildFile section */

/* Begin PBXContainerItemProxy section */
		9B7928F128116CBD0098DCA0 /* PBXContainerItemProxy */ = {
			isa = PBXContainerItemProxy;
			containerPortal = 9B7928D828116CBC0098DCA0 /* Project object */;
			proxyType = 1;
			remoteGlobalIDString = 9B7928DF28116CBC0098DCA0;
			remoteInfo = "NPCGen Assist";
		};
		9B7F96B528799078008A1861 /* PBXContainerItemProxy */ = {
			isa = PBXContainerItemProxy;
			containerPortal = 9B7928D828116CBC0098DCA0 /* Project object */;
			proxyType = 1;
			remoteGlobalIDString = 9B7928DF28116CBC0098DCA0;
			remoteInfo = "NPCGen Assist";
		};
/* End PBXContainerItemProxy section */

/* Begin PBXFileReference section */
		9B06FE4A288B3E0F00C79D15 /* RulebookExtensions.swift */ = {isa = PBXFileReference; lastKnownFileType = sourcecode.swift; path = RulebookExtensions.swift; sourceTree = "<group>"; };
		9B7928E028116CBC0098DCA0 /* NPCGen Assist.app */ = {isa = PBXFileReference; explicitFileType = wrapper.application; includeInIndex = 0; path = "NPCGen Assist.app"; sourceTree = BUILT_PRODUCTS_DIR; };
		9B7928E328116CBC0098DCA0 /* NPCGen_AssistApp.swift */ = {isa = PBXFileReference; lastKnownFileType = sourcecode.swift; path = NPCGen_AssistApp.swift; sourceTree = "<group>"; };
		9B7928E528116CBC0098DCA0 /* ContentView.swift */ = {isa = PBXFileReference; lastKnownFileType = sourcecode.swift; path = ContentView.swift; sourceTree = "<group>"; };
		9B7928E728116CBD0098DCA0 /* Assets.xcassets */ = {isa = PBXFileReference; lastKnownFileType = folder.assetcatalog; path = Assets.xcassets; sourceTree = "<group>"; };
		9B7928EA28116CBD0098DCA0 /* Preview Assets.xcassets */ = {isa = PBXFileReference; lastKnownFileType = folder.assetcatalog; path = "Preview Assets.xcassets"; sourceTree = "<group>"; };
		9B7928F028116CBD0098DCA0 /* NPCGen AssistTests.xctest */ = {isa = PBXFileReference; explicitFileType = wrapper.cfbundle; includeInIndex = 0; path = "NPCGen AssistTests.xctest"; sourceTree = BUILT_PRODUCTS_DIR; };
		9B7928F428116CBD0098DCA0 /* NPCGen_AssistTests.swift */ = {isa = PBXFileReference; lastKnownFileType = sourcecode.swift; path = NPCGen_AssistTests.swift; sourceTree = "<group>"; };
		9B7928FE28116CBD0098DCA0 /* NPCGen_AssistUITests.swift */ = {isa = PBXFileReference; lastKnownFileType = sourcecode.swift; path = NPCGen_AssistUITests.swift; sourceTree = "<group>"; };
		9B79290028116CBD0098DCA0 /* NPCGen_AssistUITestsLaunchTests.swift */ = {isa = PBXFileReference; lastKnownFileType = sourcecode.swift; path = NPCGen_AssistUITestsLaunchTests.swift; sourceTree = "<group>"; };
		9B7929192811706C0098DCA0 /* Race.swift */ = {isa = PBXFileReference; fileEncoding = 4; lastKnownFileType = sourcecode.swift; path = Race.swift; sourceTree = "<group>"; };
		9B79291A2811706C0098DCA0 /* Occupation.swift */ = {isa = PBXFileReference; fileEncoding = 4; lastKnownFileType = sourcecode.swift; path = Occupation.swift; sourceTree = "<group>"; };
		9B79291B2811706C0098DCA0 /* Trait.swift */ = {isa = PBXFileReference; fileEncoding = 4; lastKnownFileType = sourcecode.swift; path = Trait.swift; sourceTree = "<group>"; };
		9B79291C2811706C0098DCA0 /* Armor.swift */ = {isa = PBXFileReference; fileEncoding = 4; lastKnownFileType = sourcecode.swift; path = Armor.swift; sourceTree = "<group>"; };
		9B79291D2811706C0098DCA0 /* Action.swift */ = {isa = PBXFileReference; fileEncoding = 4; lastKnownFileType = sourcecode.swift; path = Action.swift; sourceTree = "<group>"; };
		9B79291E2811706C0098DCA0 /* Compendium.swift */ = {isa = PBXFileReference; fileEncoding = 4; lastKnownFileType = sourcecode.swift; path = Compendium.swift; sourceTree = "<group>"; };
		9B792926281171DB0098DCA0 /* Gender.swift */ = {isa = PBXFileReference; fileEncoding = 4; lastKnownFileType = sourcecode.swift; path = Gender.swift; sourceTree = "<group>"; };
		9B792927281171DB0098DCA0 /* Language.swift */ = {isa = PBXFileReference; fileEncoding = 4; lastKnownFileType = sourcecode.swift; path = Language.swift; sourceTree = "<group>"; };
		9B792928281171DB0098DCA0 /* SavingThrow.swift */ = {isa = PBXFileReference; fileEncoding = 4; lastKnownFileType = sourcecode.swift; path = SavingThrow.swift; sourceTree = "<group>"; };
		9B792929281171DB0098DCA0 /* Ability.swift */ = {isa = PBXFileReference; fileEncoding = 4; lastKnownFileType = sourcecode.swift; path = Ability.swift; sourceTree = "<group>"; };
		9B79292A281171DB0098DCA0 /* Condition.swift */ = {isa = PBXFileReference; fileEncoding = 4; lastKnownFileType = sourcecode.swift; path = Condition.swift; sourceTree = "<group>"; };
		9B79292B281171DB0098DCA0 /* Proficiency.swift */ = {isa = PBXFileReference; fileEncoding = 4; lastKnownFileType = sourcecode.swift; path = Proficiency.swift; sourceTree = "<group>"; };
		9B79292C281171DB0098DCA0 /* Alignment.swift */ = {isa = PBXFileReference; fileEncoding = 4; lastKnownFileType = sourcecode.swift; path = Alignment.swift; sourceTree = "<group>"; };
		9B79292D281171DB0098DCA0 /* Challenge.swift */ = {isa = PBXFileReference; fileEncoding = 4; lastKnownFileType = sourcecode.swift; path = Challenge.swift; sourceTree = "<group>"; };
		9B79292E281171DB0098DCA0 /* Vision.swift */ = {isa = PBXFileReference; fileEncoding = 4; lastKnownFileType = sourcecode.swift; path = Vision.swift; sourceTree = "<group>"; };
		9B79292F281171DB0098DCA0 /* Size.swift */ = {isa = PBXFileReference; fileEncoding = 4; lastKnownFileType = sourcecode.swift; path = Size.swift; sourceTree = "<group>"; };
		9B792931281171DB0098DCA0 /* Details.swift */ = {isa = PBXFileReference; fileEncoding = 4; lastKnownFileType = sourcecode.swift; path = Details.swift; sourceTree = "<group>"; };
		9B792932281171DB0098DCA0 /* Flaw.swift */ = {isa = PBXFileReference; fileEncoding = 4; lastKnownFileType = sourcecode.swift; path = Flaw.swift; sourceTree = "<group>"; };
		9B792933281171DB0098DCA0 /* Bond.swift */ = {isa = PBXFileReference; fileEncoding = 4; lastKnownFileType = sourcecode.swift; path = Bond.swift; sourceTree = "<group>"; };
		9B792934281171DB0098DCA0 /* Talent.swift */ = {isa = PBXFileReference; fileEncoding = 4; lastKnownFileType = sourcecode.swift; path = Talent.swift; sourceTree = "<group>"; };
		9B792935281171DB0098DCA0 /* Mannerism.swift */ = {isa = PBXFileReference; fileEncoding = 4; lastKnownFileType = sourcecode.swift; path = Mannerism.swift; sourceTree = "<group>"; };
		9B792936281171DB0098DCA0 /* Appearance.swift */ = {isa = PBXFileReference; fileEncoding = 4; lastKnownFileType = sourcecode.swift; path = Appearance.swift; sourceTree = "<group>"; };
		9B792937281171DB0098DCA0 /* NPC.swift */ = {isa = PBXFileReference; fileEncoding = 4; lastKnownFileType = sourcecode.swift; path = NPC.swift; sourceTree = "<group>"; };
		9B792938281171DB0098DCA0 /* Speed.swift */ = {isa = PBXFileReference; fileEncoding = 4; lastKnownFileType = sourcecode.swift; path = Speed.swift; sourceTree = "<group>"; };
		9B792939281171DB0098DCA0 /* Skill.swift */ = {isa = PBXFileReference; fileEncoding = 4; lastKnownFileType = sourcecode.swift; path = Skill.swift; sourceTree = "<group>"; };
		9B79294F2811727F0098DCA0 /* FirebaseCommunity.swift */ = {isa = PBXFileReference; fileEncoding = 4; lastKnownFileType = sourcecode.swift; path = FirebaseCommunity.swift; sourceTree = "<group>"; };
		9B7929512811727F0098DCA0 /* FirebaseCompendium.swift */ = {isa = PBXFileReference; fileEncoding = 4; lastKnownFileType = sourcecode.swift; path = FirebaseCompendium.swift; sourceTree = "<group>"; };
		9B7929522811727F0098DCA0 /* FirebaseAuthorization.swift */ = {isa = PBXFileReference; fileEncoding = 4; lastKnownFileType = sourcecode.swift; path = FirebaseAuthorization.swift; sourceTree = "<group>"; };
		9B7929552811727F0098DCA0 /* FirebaseManager.swift */ = {isa = PBXFileReference; fileEncoding = 4; lastKnownFileType = sourcecode.swift; path = FirebaseManager.swift; sourceTree = "<group>"; };
		9B79295F281172A20098DCA0 /* UIButtonExtension.swift */ = {isa = PBXFileReference; fileEncoding = 4; lastKnownFileType = sourcecode.swift; path = UIButtonExtension.swift; sourceTree = "<group>"; };
		9B792960281172A20098DCA0 /* UITableViewCellExtension.swift */ = {isa = PBXFileReference; fileEncoding = 4; lastKnownFileType = sourcecode.swift; path = UITableViewCellExtension.swift; sourceTree = "<group>"; };
		9B792961281172A20098DCA0 /* ArrayExtension.swift */ = {isa = PBXFileReference; fileEncoding = 4; lastKnownFileType = sourcecode.swift; path = ArrayExtension.swift; sourceTree = "<group>"; };
		9B792962281172A20098DCA0 /* UILabelExtension.swift */ = {isa = PBXFileReference; fileEncoding = 4; lastKnownFileType = sourcecode.swift; path = UILabelExtension.swift; sourceTree = "<group>"; };
		9B792963281172A20098DCA0 /* UIApplicationExtension.swift */ = {isa = PBXFileReference; fileEncoding = 4; lastKnownFileType = sourcecode.swift; path = UIApplicationExtension.swift; sourceTree = "<group>"; };
		9B792964281172A20098DCA0 /* IntExtension.swift */ = {isa = PBXFileReference; fileEncoding = 4; lastKnownFileType = sourcecode.swift; path = IntExtension.swift; sourceTree = "<group>"; };
		9B792965281172A20098DCA0 /* UIViewControllerExtension.swift */ = {isa = PBXFileReference; fileEncoding = 4; lastKnownFileType = sourcecode.swift; path = UIViewControllerExtension.swift; sourceTree = "<group>"; };
		9B792966281172A20098DCA0 /* UIViewExtension.swift */ = {isa = PBXFileReference; fileEncoding = 4; lastKnownFileType = sourcecode.swift; path = UIViewExtension.swift; sourceTree = "<group>"; };
		9B792967281172A20098DCA0 /* UIStackViewExtension.swift */ = {isa = PBXFileReference; fileEncoding = 4; lastKnownFileType = sourcecode.swift; path = UIStackViewExtension.swift; sourceTree = "<group>"; };
		9B792968281172A20098DCA0 /* UIDeviceExtension.swift */ = {isa = PBXFileReference; fileEncoding = 4; lastKnownFileType = sourcecode.swift; path = UIDeviceExtension.swift; sourceTree = "<group>"; };
		9B792969281172A20098DCA0 /* ClosedRangeExtension.swift */ = {isa = PBXFileReference; fileEncoding = 4; lastKnownFileType = sourcecode.swift; path = ClosedRangeExtension.swift; sourceTree = "<group>"; };
		9B79296A281172A20098DCA0 /* BoolExtension.swift */ = {isa = PBXFileReference; fileEncoding = 4; lastKnownFileType = sourcecode.swift; path = BoolExtension.swift; sourceTree = "<group>"; };
		9B79296B281172A20098DCA0 /* DataExtension.swift */ = {isa = PBXFileReference; fileEncoding = 4; lastKnownFileType = sourcecode.swift; path = DataExtension.swift; sourceTree = "<group>"; };
		9B79296C281172A20098DCA0 /* StringExtension.swift */ = {isa = PBXFileReference; fileEncoding = 4; lastKnownFileType = sourcecode.swift; path = StringExtension.swift; sourceTree = "<group>"; };
		9B79296D281172A20098DCA0 /* AuthenticationServicesExtension.swift */ = {isa = PBXFileReference; fileEncoding = 4; lastKnownFileType = sourcecode.swift; path = AuthenticationServicesExtension.swift; sourceTree = "<group>"; };
		9B79297E281173AB0098DCA0 /* User.swift */ = {isa = PBXFileReference; fileEncoding = 4; lastKnownFileType = sourcecode.swift; path = User.swift; sourceTree = "<group>"; };
		9B792980281173FC0098DCA0 /* Exporter.swift */ = {isa = PBXFileReference; fileEncoding = 4; lastKnownFileType = sourcecode.swift; path = Exporter.swift; sourceTree = "<group>"; };
		9B792982281174AB0098DCA0 /* Die.swift */ = {isa = PBXFileReference; fileEncoding = 4; lastKnownFileType = sourcecode.swift; path = Die.swift; sourceTree = "<group>"; };
		9B792984281192910098DCA0 /* firebase.json */ = {isa = PBXFileReference; fileEncoding = 4; lastKnownFileType = text.json; path = firebase.json; sourceTree = "<group>"; };
		9B7F965528794B5B008A1861 /* GoogleService-Info.plist */ = {isa = PBXFileReference; fileEncoding = 4; lastKnownFileType = text.plist.xml; path = "GoogleService-Info.plist"; sourceTree = "<group>"; };
		9B7F96B128799078008A1861 /* NPCGenAssistTests.xctest */ = {isa = PBXFileReference; explicitFileType = wrapper.cfbundle; includeInIndex = 0; path = NPCGenAssistTests.xctest; sourceTree = BUILT_PRODUCTS_DIR; };
		9B7F96B328799078008A1861 /* NPCGenAssistTests.swift */ = {isa = PBXFileReference; lastKnownFileType = sourcecode.swift; path = NPCGenAssistTests.swift; sourceTree = "<group>"; };
		9B7F96BA287992A4008A1861 /* BundleExtension.swift */ = {isa = PBXFileReference; lastKnownFileType = sourcecode.swift; path = BundleExtension.swift; sourceTree = "<group>"; };
		9B7F96BC28799352008A1861 /* GenerationTests.swift */ = {isa = PBXFileReference; lastKnownFileType = sourcecode.swift; path = GenerationTests.swift; sourceTree = "<group>"; };
		9BBE05B72879B2E100F9A417 /* NPCGen Assist.entitlements */ = {isa = PBXFileReference; lastKnownFileType = text.plist.entitlements; path = "NPCGen Assist.entitlements"; sourceTree = "<group>"; };
		9BBE05B82879B2FD00F9A417 /* NPCGen AssistDebug.entitlements */ = {isa = PBXFileReference; lastKnownFileType = text.plist.entitlements; path = "NPCGen AssistDebug.entitlements"; sourceTree = "<group>"; };
		9BBE05D02879B99C00F9A417 /* GoogleService-Info-DEBUG.plist */ = {isa = PBXFileReference; fileEncoding = 4; lastKnownFileType = text.plist.xml; path = "GoogleService-Info-DEBUG.plist"; sourceTree = "<group>"; };
		9BE38826288B354E00BECFDA /* FireStorage */ = {isa = PBXFileReference; lastKnownFileType = wrapper; name = FireStorage; path = ../FireStorage; sourceTree = "<group>"; };
		9BE38827288B355700BECFDA /* Rulebook */ = {isa = PBXFileReference; lastKnownFileType = wrapper; name = Rulebook; path = ../Rulebook; sourceTree = "<group>"; };
/* End PBXFileReference section */

/* Begin PBXFrameworksBuildPhase section */
		9B7928DD28116CBC0098DCA0 /* Frameworks */ = {
			isa = PBXFrameworksBuildPhase;
			buildActionMask = 2147483647;
			files = (
				9BC9FC96288B36DC00885E5A /* FireStorage in Frameworks */,
				9B06FE48288B3D5300C79D15 /* Rulebook in Frameworks */,
			);
			runOnlyForDeploymentPostprocessing = 0;
		};
		9B7928ED28116CBD0098DCA0 /* Frameworks */ = {
			isa = PBXFrameworksBuildPhase;
			buildActionMask = 2147483647;
			files = (
			);
			runOnlyForDeploymentPostprocessing = 0;
		};
		9B7F96AE28799078008A1861 /* Frameworks */ = {
			isa = PBXFrameworksBuildPhase;
			buildActionMask = 2147483647;
			files = (
			);
			runOnlyForDeploymentPostprocessing = 0;
		};
/* End PBXFrameworksBuildPhase section */

/* Begin PBXGroup section */
		9B06FE49288B3DFF00C79D15 /* Rulebook */ = {
			isa = PBXGroup;
			children = (
				9B06FE4A288B3E0F00C79D15 /* RulebookExtensions.swift */,
			);
			path = Rulebook;
			sourceTree = "<group>";
		};
		9B7928D728116CBC0098DCA0 = {
			isa = PBXGroup;
			children = (
				9BE38825288B354E00BECFDA /* Packages */,
				9B7928E228116CBC0098DCA0 /* NPCGen Assist */,
				9B7928F328116CBD0098DCA0 /* NPCGen AssistTests */,
				9B7928FD28116CBD0098DCA0 /* NPCGen AssistUITests */,
				9B7F96B228799078008A1861 /* NPCGenAssistTests */,
				9B7928E128116CBC0098DCA0 /* Products */,
				9BC9FC94288B36DC00885E5A /* Frameworks */,
			);
			sourceTree = "<group>";
		};
		9B7928E128116CBC0098DCA0 /* Products */ = {
			isa = PBXGroup;
			children = (
				9B7928E028116CBC0098DCA0 /* NPCGen Assist.app */,
				9B7928F028116CBD0098DCA0 /* NPCGen AssistTests.xctest */,
				9B7F96B128799078008A1861 /* NPCGenAssistTests.xctest */,
			);
			name = Products;
			sourceTree = "<group>";
		};
		9B7928E228116CBC0098DCA0 /* NPCGen Assist */ = {
			isa = PBXGroup;
			children = (
				9BBE05B82879B2FD00F9A417 /* NPCGen AssistDebug.entitlements */,
				9BBE05B72879B2E100F9A417 /* NPCGen Assist.entitlements */,
				9B7F965528794B5B008A1861 /* GoogleService-Info.plist */,
				9BBE05D02879B99C00F9A417 /* GoogleService-Info-DEBUG.plist */,
				9B79297D2811737E0098DCA0 /* Data */,
				9B79295E281172A20098DCA0 /* Extensions */,
				9B7928E328116CBC0098DCA0 /* NPCGen_AssistApp.swift */,
				9B7928E528116CBC0098DCA0 /* ContentView.swift */,
				9B7928E728116CBD0098DCA0 /* Assets.xcassets */,
				9B792984281192910098DCA0 /* firebase.json */,
				9B7928E928116CBD0098DCA0 /* Preview Content */,
			);
			path = "NPCGen Assist";
			sourceTree = "<group>";
		};
		9B7928E928116CBD0098DCA0 /* Preview Content */ = {
			isa = PBXGroup;
			children = (
				9B7928EA28116CBD0098DCA0 /* Preview Assets.xcassets */,
			);
			path = "Preview Content";
			sourceTree = "<group>";
		};
		9B7928F328116CBD0098DCA0 /* NPCGen AssistTests */ = {
			isa = PBXGroup;
			children = (
				9B7928F428116CBD0098DCA0 /* NPCGen_AssistTests.swift */,
			);
			path = "NPCGen AssistTests";
			sourceTree = "<group>";
		};
		9B7928FD28116CBD0098DCA0 /* NPCGen AssistUITests */ = {
			isa = PBXGroup;
			children = (
				9B7928FE28116CBD0098DCA0 /* NPCGen_AssistUITests.swift */,
				9B79290028116CBD0098DCA0 /* NPCGen_AssistUITestsLaunchTests.swift */,
			);
			path = "NPCGen AssistUITests";
			sourceTree = "<group>";
		};
		9B7929182811706C0098DCA0 /* Compendium */ = {
			isa = PBXGroup;
			children = (
				9B7929192811706C0098DCA0 /* Race.swift */,
				9B79291A2811706C0098DCA0 /* Occupation.swift */,
				9B79291B2811706C0098DCA0 /* Trait.swift */,
				9B79291C2811706C0098DCA0 /* Armor.swift */,
				9B79291D2811706C0098DCA0 /* Action.swift */,
				9B79291E2811706C0098DCA0 /* Compendium.swift */,
			);
			path = Compendium;
			sourceTree = "<group>";
		};
		9B792925281171DB0098DCA0 /* NPC */ = {
			isa = PBXGroup;
			children = (
				9B792926281171DB0098DCA0 /* Gender.swift */,
				9B792927281171DB0098DCA0 /* Language.swift */,
				9B792928281171DB0098DCA0 /* SavingThrow.swift */,
				9B792929281171DB0098DCA0 /* Ability.swift */,
				9B79292A281171DB0098DCA0 /* Condition.swift */,
				9B79292B281171DB0098DCA0 /* Proficiency.swift */,
				9B79292C281171DB0098DCA0 /* Alignment.swift */,
				9B79292D281171DB0098DCA0 /* Challenge.swift */,
				9B79292E281171DB0098DCA0 /* Vision.swift */,
				9B79292F281171DB0098DCA0 /* Size.swift */,
				9B792930281171DB0098DCA0 /* Detail */,
				9B792937281171DB0098DCA0 /* NPC.swift */,
				9B792938281171DB0098DCA0 /* Speed.swift */,
				9B792939281171DB0098DCA0 /* Skill.swift */,
			);
			path = NPC;
			sourceTree = "<group>";
		};
		9B792930281171DB0098DCA0 /* Detail */ = {
			isa = PBXGroup;
			children = (
				9B792931281171DB0098DCA0 /* Details.swift */,
				9B792932281171DB0098DCA0 /* Flaw.swift */,
				9B792933281171DB0098DCA0 /* Bond.swift */,
				9B792934281171DB0098DCA0 /* Talent.swift */,
				9B792935281171DB0098DCA0 /* Mannerism.swift */,
				9B792936281171DB0098DCA0 /* Appearance.swift */,
			);
			path = Detail;
			sourceTree = "<group>";
		};
		9B79294D2811727F0098DCA0 /* Firebase */ = {
			isa = PBXGroup;
			children = (
				9B79294F2811727F0098DCA0 /* FirebaseCommunity.swift */,
				9B7929512811727F0098DCA0 /* FirebaseCompendium.swift */,
				9B7929522811727F0098DCA0 /* FirebaseAuthorization.swift */,
				9B7929552811727F0098DCA0 /* FirebaseManager.swift */,
			);
			path = Firebase;
			sourceTree = "<group>";
		};
		9B79295E281172A20098DCA0 /* Extensions */ = {
			isa = PBXGroup;
			children = (
				9B79295F281172A20098DCA0 /* UIButtonExtension.swift */,
				9B792960281172A20098DCA0 /* UITableViewCellExtension.swift */,
				9B792961281172A20098DCA0 /* ArrayExtension.swift */,
				9B792962281172A20098DCA0 /* UILabelExtension.swift */,
				9B792963281172A20098DCA0 /* UIApplicationExtension.swift */,
				9B792964281172A20098DCA0 /* IntExtension.swift */,
				9B792965281172A20098DCA0 /* UIViewControllerExtension.swift */,
				9B792966281172A20098DCA0 /* UIViewExtension.swift */,
				9B792967281172A20098DCA0 /* UIStackViewExtension.swift */,
				9B792968281172A20098DCA0 /* UIDeviceExtension.swift */,
				9B792969281172A20098DCA0 /* ClosedRangeExtension.swift */,
				9B79296A281172A20098DCA0 /* BoolExtension.swift */,
				9B79296B281172A20098DCA0 /* DataExtension.swift */,
				9B79296C281172A20098DCA0 /* StringExtension.swift */,
				9B79296D281172A20098DCA0 /* AuthenticationServicesExtension.swift */,
			);
			path = Extensions;
			sourceTree = "<group>";
		};
		9B79297D2811737E0098DCA0 /* Data */ = {
			isa = PBXGroup;
			children = (
				9B06FE49288B3DFF00C79D15 /* Rulebook */,
				9B7929182811706C0098DCA0 /* Compendium */,
				9B79294D2811727F0098DCA0 /* Firebase */,
				9B792925281171DB0098DCA0 /* NPC */,
				9B792982281174AB0098DCA0 /* Die.swift */,
				9B792980281173FC0098DCA0 /* Exporter.swift */,
				9B79297E281173AB0098DCA0 /* User.swift */,
			);
			path = Data;
			sourceTree = "<group>";
		};
		9B7F96B228799078008A1861 /* NPCGenAssistTests */ = {
			isa = PBXGroup;
			children = (
				9B7F96BC28799352008A1861 /* GenerationTests.swift */,
				9B7F96BA287992A4008A1861 /* BundleExtension.swift */,
				9B7F96B328799078008A1861 /* NPCGenAssistTests.swift */,
			);
			path = NPCGenAssistTests;
			sourceTree = "<group>";
		};
		9BC9FC94288B36DC00885E5A /* Frameworks */ = {
			isa = PBXGroup;
			children = (
			);
			name = Frameworks;
			sourceTree = "<group>";
		};
		9BE38825288B354E00BECFDA /* Packages */ = {
			isa = PBXGroup;
			children = (
				9BE38826288B354E00BECFDA /* FireStorage */,
				9BE38827288B355700BECFDA /* Rulebook */,
			);
			name = Packages;
			sourceTree = "<group>";
		};
/* End PBXGroup section */

/* Begin PBXNativeTarget section */
		9B7928DF28116CBC0098DCA0 /* NPCGen Assist */ = {
			isa = PBXNativeTarget;
			buildConfigurationList = 9B79290428116CBD0098DCA0 /* Build configuration list for PBXNativeTarget "NPCGen Assist" */;
			buildPhases = (
				9B7928DC28116CBC0098DCA0 /* Sources */,
				9B7928DD28116CBC0098DCA0 /* Frameworks */,
				9B7928DE28116CBC0098DCA0 /* Resources */,
			);
			buildRules = (
			);
			dependencies = (
			);
			name = "NPCGen Assist";
			packageProductDependencies = (
				9BC9FC95288B36DC00885E5A /* FireStorage */,
				9B06FE47288B3D5300C79D15 /* Rulebook */,
			);
			productName = "NPCGen Assist";
			productReference = 9B7928E028116CBC0098DCA0 /* NPCGen Assist.app */;
			productType = "com.apple.product-type.application";
		};
		9B7928EF28116CBD0098DCA0 /* NPCGen AssistTests */ = {
			isa = PBXNativeTarget;
			buildConfigurationList = 9B79290728116CBD0098DCA0 /* Build configuration list for PBXNativeTarget "NPCGen AssistTests" */;
			buildPhases = (
				9B7928EC28116CBD0098DCA0 /* Sources */,
				9B7928ED28116CBD0098DCA0 /* Frameworks */,
				9B7928EE28116CBD0098DCA0 /* Resources */,
			);
			buildRules = (
			);
			dependencies = (
				9B7928F228116CBD0098DCA0 /* PBXTargetDependency */,
			);
			name = "NPCGen AssistTests";
			productName = "NPCGen AssistTests";
			productReference = 9B7928F028116CBD0098DCA0 /* NPCGen AssistTests.xctest */;
			productType = "com.apple.product-type.bundle.unit-test";
		};
		9B7F96B028799078008A1861 /* NPCGenAssistTests */ = {
			isa = PBXNativeTarget;
			buildConfigurationList = 9B7F96B728799078008A1861 /* Build configuration list for PBXNativeTarget "NPCGenAssistTests" */;
			buildPhases = (
				9B7F96AD28799078008A1861 /* Sources */,
				9B7F96AE28799078008A1861 /* Frameworks */,
				9B7F96AF28799078008A1861 /* Resources */,
			);
			buildRules = (
			);
			dependencies = (
				9B7F96B628799078008A1861 /* PBXTargetDependency */,
			);
			name = NPCGenAssistTests;
			productName = NPCGenAssistTests;
			productReference = 9B7F96B128799078008A1861 /* NPCGenAssistTests.xctest */;
			productType = "com.apple.product-type.bundle.unit-test";
		};
/* End PBXNativeTarget section */

/* Begin PBXProject section */
		9B7928D828116CBC0098DCA0 /* Project object */ = {
			isa = PBXProject;
			attributes = {
				BuildIndependentTargetsInParallel = 1;
				LastSwiftUpdateCheck = 1330;
				LastUpgradeCheck = 1330;
				TargetAttributes = {
					9B7928DF28116CBC0098DCA0 = {
						CreatedOnToolsVersion = 13.3;
					};
					9B7928EF28116CBD0098DCA0 = {
						CreatedOnToolsVersion = 13.3;
						TestTargetID = 9B7928DF28116CBC0098DCA0;
					};
					9B7F96B028799078008A1861 = {
						CreatedOnToolsVersion = 13.3;
						TestTargetID = 9B7928DF28116CBC0098DCA0;
					};
				};
			};
			buildConfigurationList = 9B7928DB28116CBC0098DCA0 /* Build configuration list for PBXProject "NPCGen Assist" */;
			compatibilityVersion = "Xcode 13.0";
			developmentRegion = en;
			hasScannedForEncodings = 0;
			knownRegions = (
				en,
				Base,
			);
			mainGroup = 9B7928D728116CBC0098DCA0;
			packageReferences = (
			);
			productRefGroup = 9B7928E128116CBC0098DCA0 /* Products */;
			projectDirPath = "";
			projectRoot = "";
			targets = (
				9B7928DF28116CBC0098DCA0 /* NPCGen Assist */,
				9B7928EF28116CBD0098DCA0 /* NPCGen AssistTests */,
				9B7F96B028799078008A1861 /* NPCGenAssistTests */,
			);
		};
/* End PBXProject section */

/* Begin PBXResourcesBuildPhase section */
		9B7928DE28116CBC0098DCA0 /* Resources */ = {
			isa = PBXResourcesBuildPhase;
			buildActionMask = 2147483647;
			files = (
				9BBE05D12879B99C00F9A417 /* GoogleService-Info-DEBUG.plist in Resources */,
				9B7928EB28116CBD0098DCA0 /* Preview Assets.xcassets in Resources */,
				9B7F965628794B5C008A1861 /* GoogleService-Info.plist in Resources */,
				9B7928E828116CBD0098DCA0 /* Assets.xcassets in Resources */,
				9B792985281192920098DCA0 /* firebase.json in Resources */,
			);
			runOnlyForDeploymentPostprocessing = 0;
		};
		9B7928EE28116CBD0098DCA0 /* Resources */ = {
			isa = PBXResourcesBuildPhase;
			buildActionMask = 2147483647;
			files = (
			);
			runOnlyForDeploymentPostprocessing = 0;
		};
		9B7F96AF28799078008A1861 /* Resources */ = {
			isa = PBXResourcesBuildPhase;
			buildActionMask = 2147483647;
			files = (
			);
			runOnlyForDeploymentPostprocessing = 0;
		};
/* End PBXResourcesBuildPhase section */

/* Begin PBXSourcesBuildPhase section */
		9B7928DC28116CBC0098DCA0 /* Sources */ = {
			isa = PBXSourcesBuildPhase;
			buildActionMask = 2147483647;
			files = (
				9B79293C281171DB0098DCA0 /* SavingThrow.swift in Sources */,
				9B792975281172A20098DCA0 /* UIViewExtension.swift in Sources */,
				9B79291F2811706C0098DCA0 /* Race.swift in Sources */,
				9B7929242811706C0098DCA0 /* Compendium.swift in Sources */,
				9B79294B281171DB0098DCA0 /* Speed.swift in Sources */,
				9B7929592811727F0098DCA0 /* FirebaseCompendium.swift in Sources */,
				9B7929202811706C0098DCA0 /* Occupation.swift in Sources */,
				9B792941281171DB0098DCA0 /* Challenge.swift in Sources */,
				9B792949281171DB0098DCA0 /* Appearance.swift in Sources */,
				9B7928E628116CBC0098DCA0 /* ContentView.swift in Sources */,
				9B792977281172A20098DCA0 /* UIDeviceExtension.swift in Sources */,
				9B792944281171DB0098DCA0 /* Details.swift in Sources */,
				9B792971281172A20098DCA0 /* UILabelExtension.swift in Sources */,
				9B792970281172A20098DCA0 /* ArrayExtension.swift in Sources */,
				9B79295D2811727F0098DCA0 /* FirebaseManager.swift in Sources */,
				9B792976281172A20098DCA0 /* UIStackViewExtension.swift in Sources */,
				9B79296F281172A20098DCA0 /* UITableViewCellExtension.swift in Sources */,
				9B79293F281171DB0098DCA0 /* Proficiency.swift in Sources */,
				9B79296E281172A20098DCA0 /* UIButtonExtension.swift in Sources */,
				9B79297F281173AB0098DCA0 /* User.swift in Sources */,
				9B79297C281172A20098DCA0 /* AuthenticationServicesExtension.swift in Sources */,
				9B792947281171DB0098DCA0 /* Talent.swift in Sources */,
				9B7929212811706C0098DCA0 /* Trait.swift in Sources */,
				9B792972281172A20098DCA0 /* UIApplicationExtension.swift in Sources */,
				9B79293A281171DB0098DCA0 /* Gender.swift in Sources */,
				9B792973281172A20098DCA0 /* IntExtension.swift in Sources */,
				9B792948281171DB0098DCA0 /* Mannerism.swift in Sources */,
				9B792983281174AB0098DCA0 /* Die.swift in Sources */,
				9B792978281172A20098DCA0 /* ClosedRangeExtension.swift in Sources */,
				9B792943281171DB0098DCA0 /* Size.swift in Sources */,
				9B792940281171DB0098DCA0 /* Alignment.swift in Sources */,
				9B79297B281172A20098DCA0 /* StringExtension.swift in Sources */,
				9B06FE4B288B3E0F00C79D15 /* RulebookExtensions.swift in Sources */,
				9B792974281172A20098DCA0 /* UIViewControllerExtension.swift in Sources */,
				9B7929232811706C0098DCA0 /* Action.swift in Sources */,
				9B792981281173FC0098DCA0 /* Exporter.swift in Sources */,
				9B792946281171DB0098DCA0 /* Bond.swift in Sources */,
				9B79293E281171DB0098DCA0 /* Condition.swift in Sources */,
				9B79294A281171DB0098DCA0 /* NPC.swift in Sources */,
				9B79295A2811727F0098DCA0 /* FirebaseAuthorization.swift in Sources */,
				9B79297A281172A20098DCA0 /* DataExtension.swift in Sources */,
				9B792979281172A20098DCA0 /* BoolExtension.swift in Sources */,
				9B79294C281171DB0098DCA0 /* Skill.swift in Sources */,
				9B7928E428116CBC0098DCA0 /* NPCGen_AssistApp.swift in Sources */,
				9B792945281171DB0098DCA0 /* Flaw.swift in Sources */,
				9B7929222811706C0098DCA0 /* Armor.swift in Sources */,
				9B792942281171DB0098DCA0 /* Vision.swift in Sources */,
				9B79293B281171DB0098DCA0 /* Language.swift in Sources */,
				9B7929572811727F0098DCA0 /* FirebaseCommunity.swift in Sources */,
				9B79293D281171DB0098DCA0 /* Ability.swift in Sources */,
			);
			runOnlyForDeploymentPostprocessing = 0;
		};
		9B7928EC28116CBD0098DCA0 /* Sources */ = {
			isa = PBXSourcesBuildPhase;
			buildActionMask = 2147483647;
			files = (
				9B7928F528116CBD0098DCA0 /* NPCGen_AssistTests.swift in Sources */,
			);
			runOnlyForDeploymentPostprocessing = 0;
		};
		9B7F96AD28799078008A1861 /* Sources */ = {
			isa = PBXSourcesBuildPhase;
			buildActionMask = 2147483647;
			files = (
				9B7F96BD28799352008A1861 /* GenerationTests.swift in Sources */,
				9B7F96B428799078008A1861 /* NPCGenAssistTests.swift in Sources */,
				9B7F96BB287992A4008A1861 /* BundleExtension.swift in Sources */,
			);
			runOnlyForDeploymentPostprocessing = 0;
		};
/* End PBXSourcesBuildPhase section */

/* Begin PBXTargetDependency section */
		9B7928F228116CBD0098DCA0 /* PBXTargetDependency */ = {
			isa = PBXTargetDependency;
			target = 9B7928DF28116CBC0098DCA0 /* NPCGen Assist */;
			targetProxy = 9B7928F128116CBD0098DCA0 /* PBXContainerItemProxy */;
		};
		9B7F96B628799078008A1861 /* PBXTargetDependency */ = {
			isa = PBXTargetDependency;
			target = 9B7928DF28116CBC0098DCA0 /* NPCGen Assist */;
			targetProxy = 9B7F96B528799078008A1861 /* PBXContainerItemProxy */;
		};
/* End PBXTargetDependency section */

/* Begin XCBuildConfiguration section */
		9B79290228116CBD0098DCA0 /* Debug */ = {
			isa = XCBuildConfiguration;
			buildSettings = {
				ALWAYS_SEARCH_USER_PATHS = NO;
				CLANG_ANALYZER_NONNULL = YES;
				CLANG_ANALYZER_NUMBER_OBJECT_CONVERSION = YES_AGGRESSIVE;
				CLANG_CXX_LANGUAGE_STANDARD = "gnu++17";
				CLANG_ENABLE_MODULES = YES;
				CLANG_ENABLE_OBJC_ARC = YES;
				CLANG_ENABLE_OBJC_WEAK = YES;
				CLANG_WARN_BLOCK_CAPTURE_AUTORELEASING = YES;
				CLANG_WARN_BOOL_CONVERSION = YES;
				CLANG_WARN_COMMA = YES;
				CLANG_WARN_CONSTANT_CONVERSION = YES;
				CLANG_WARN_DEPRECATED_OBJC_IMPLEMENTATIONS = YES;
				CLANG_WARN_DIRECT_OBJC_ISA_USAGE = YES_ERROR;
				CLANG_WARN_DOCUMENTATION_COMMENTS = YES;
				CLANG_WARN_EMPTY_BODY = YES;
				CLANG_WARN_ENUM_CONVERSION = YES;
				CLANG_WARN_INFINITE_RECURSION = YES;
				CLANG_WARN_INT_CONVERSION = YES;
				CLANG_WARN_NON_LITERAL_NULL_CONVERSION = YES;
				CLANG_WARN_OBJC_IMPLICIT_RETAIN_SELF = YES;
				CLANG_WARN_OBJC_LITERAL_CONVERSION = YES;
				CLANG_WARN_OBJC_ROOT_CLASS = YES_ERROR;
				CLANG_WARN_QUOTED_INCLUDE_IN_FRAMEWORK_HEADER = YES;
				CLANG_WARN_RANGE_LOOP_ANALYSIS = YES;
				CLANG_WARN_STRICT_PROTOTYPES = YES;
				CLANG_WARN_SUSPICIOUS_MOVE = YES;
				CLANG_WARN_UNGUARDED_AVAILABILITY = YES_AGGRESSIVE;
				CLANG_WARN_UNREACHABLE_CODE = YES;
				CLANG_WARN__DUPLICATE_METHOD_MATCH = YES;
				COPY_PHASE_STRIP = NO;
				DEBUG_INFORMATION_FORMAT = dwarf;
				ENABLE_STRICT_OBJC_MSGSEND = YES;
				ENABLE_TESTABILITY = YES;
				GCC_C_LANGUAGE_STANDARD = gnu11;
				GCC_DYNAMIC_NO_PIC = NO;
				GCC_NO_COMMON_BLOCKS = YES;
				GCC_OPTIMIZATION_LEVEL = 0;
				GCC_PREPROCESSOR_DEFINITIONS = (
					"DEBUG=1",
					"$(inherited)",
				);
				GCC_WARN_64_TO_32_BIT_CONVERSION = YES;
				GCC_WARN_ABOUT_RETURN_TYPE = YES_ERROR;
				GCC_WARN_UNDECLARED_SELECTOR = YES;
				GCC_WARN_UNINITIALIZED_AUTOS = YES_AGGRESSIVE;
				GCC_WARN_UNUSED_FUNCTION = YES;
				GCC_WARN_UNUSED_VARIABLE = YES;
				IPHONEOS_DEPLOYMENT_TARGET = 15.4;
				MACOSX_DEPLOYMENT_TARGET = 12.0;
				MTL_ENABLE_DEBUG_INFO = INCLUDE_SOURCE;
				MTL_FAST_MATH = YES;
				ONLY_ACTIVE_ARCH = YES;
				SDKROOT = iphoneos;
				SWIFT_ACTIVE_COMPILATION_CONDITIONS = DEBUG;
				SWIFT_OPTIMIZATION_LEVEL = "-Onone";
			};
			name = Debug;
		};
		9B79290328116CBD0098DCA0 /* Release */ = {
			isa = XCBuildConfiguration;
			buildSettings = {
				ALWAYS_SEARCH_USER_PATHS = NO;
				CLANG_ANALYZER_NONNULL = YES;
				CLANG_ANALYZER_NUMBER_OBJECT_CONVERSION = YES_AGGRESSIVE;
				CLANG_CXX_LANGUAGE_STANDARD = "gnu++17";
				CLANG_ENABLE_MODULES = YES;
				CLANG_ENABLE_OBJC_ARC = YES;
				CLANG_ENABLE_OBJC_WEAK = YES;
				CLANG_WARN_BLOCK_CAPTURE_AUTORELEASING = YES;
				CLANG_WARN_BOOL_CONVERSION = YES;
				CLANG_WARN_COMMA = YES;
				CLANG_WARN_CONSTANT_CONVERSION = YES;
				CLANG_WARN_DEPRECATED_OBJC_IMPLEMENTATIONS = YES;
				CLANG_WARN_DIRECT_OBJC_ISA_USAGE = YES_ERROR;
				CLANG_WARN_DOCUMENTATION_COMMENTS = YES;
				CLANG_WARN_EMPTY_BODY = YES;
				CLANG_WARN_ENUM_CONVERSION = YES;
				CLANG_WARN_INFINITE_RECURSION = YES;
				CLANG_WARN_INT_CONVERSION = YES;
				CLANG_WARN_NON_LITERAL_NULL_CONVERSION = YES;
				CLANG_WARN_OBJC_IMPLICIT_RETAIN_SELF = YES;
				CLANG_WARN_OBJC_LITERAL_CONVERSION = YES;
				CLANG_WARN_OBJC_ROOT_CLASS = YES_ERROR;
				CLANG_WARN_QUOTED_INCLUDE_IN_FRAMEWORK_HEADER = YES;
				CLANG_WARN_RANGE_LOOP_ANALYSIS = YES;
				CLANG_WARN_STRICT_PROTOTYPES = YES;
				CLANG_WARN_SUSPICIOUS_MOVE = YES;
				CLANG_WARN_UNGUARDED_AVAILABILITY = YES_AGGRESSIVE;
				CLANG_WARN_UNREACHABLE_CODE = YES;
				CLANG_WARN__DUPLICATE_METHOD_MATCH = YES;
				COPY_PHASE_STRIP = NO;
				DEBUG_INFORMATION_FORMAT = "dwarf-with-dsym";
				ENABLE_NS_ASSERTIONS = NO;
				ENABLE_STRICT_OBJC_MSGSEND = YES;
				GCC_C_LANGUAGE_STANDARD = gnu11;
				GCC_NO_COMMON_BLOCKS = YES;
				GCC_WARN_64_TO_32_BIT_CONVERSION = YES;
				GCC_WARN_ABOUT_RETURN_TYPE = YES_ERROR;
				GCC_WARN_UNDECLARED_SELECTOR = YES;
				GCC_WARN_UNINITIALIZED_AUTOS = YES_AGGRESSIVE;
				GCC_WARN_UNUSED_FUNCTION = YES;
				GCC_WARN_UNUSED_VARIABLE = YES;
				IPHONEOS_DEPLOYMENT_TARGET = 15.4;
				MACOSX_DEPLOYMENT_TARGET = 12.0;
				MTL_ENABLE_DEBUG_INFO = NO;
				MTL_FAST_MATH = YES;
				SDKROOT = iphoneos;
				SWIFT_COMPILATION_MODE = wholemodule;
				SWIFT_OPTIMIZATION_LEVEL = "-O";
				VALIDATE_PRODUCT = YES;
			};
			name = Release;
		};
		9B79290528116CBD0098DCA0 /* Debug */ = {
			isa = XCBuildConfiguration;
			buildSettings = {
				ASSETCATALOG_COMPILER_APPICON_NAME = AppIcon;
				ASSETCATALOG_COMPILER_GLOBAL_ACCENT_COLOR_NAME = AccentColor;
				CODE_SIGN_ENTITLEMENTS = "NPCGen Assist/NPCGen AssistDebug.entitlements";
				CODE_SIGN_STYLE = Automatic;
				CURRENT_PROJECT_VERSION = 1;
				DEVELOPMENT_ASSET_PATHS = "\"NPCGen Assist/Preview Content\"";
				DEVELOPMENT_TEAM = 96SB47X67B;
				ENABLE_PREVIEWS = YES;
				GENERATE_INFOPLIST_FILE = YES;
				INFOPLIST_KEY_UIApplicationSceneManifest_Generation = YES;
				INFOPLIST_KEY_UIApplicationSupportsIndirectInputEvents = YES;
				INFOPLIST_KEY_UILaunchScreen_Generation = YES;
				INFOPLIST_KEY_UISupportedInterfaceOrientations_iPad = "UIInterfaceOrientationPortrait UIInterfaceOrientationPortraitUpsideDown UIInterfaceOrientationLandscapeLeft UIInterfaceOrientationLandscapeRight";
				INFOPLIST_KEY_UISupportedInterfaceOrientations_iPhone = "UIInterfaceOrientationPortrait UIInterfaceOrientationLandscapeLeft UIInterfaceOrientationLandscapeRight";
				LD_RUNPATH_SEARCH_PATHS = (
					"$(inherited)",
					"@executable_path/Frameworks",
				);
				MARKETING_VERSION = 1.0;
				PRODUCT_BUNDLE_IDENTIFIER = "com.craunincproductions.NPCGen-Assist";
				PRODUCT_NAME = "$(TARGET_NAME)";
				SUPPORTS_MACCATALYST = YES;
				SWIFT_EMIT_LOC_STRINGS = YES;
				SWIFT_VERSION = 5.0;
				TARGETED_DEVICE_FAMILY = "1,2,6";
			};
			name = Debug;
		};
		9B79290628116CBD0098DCA0 /* Release */ = {
			isa = XCBuildConfiguration;
			buildSettings = {
				ASSETCATALOG_COMPILER_APPICON_NAME = AppIcon;
				ASSETCATALOG_COMPILER_GLOBAL_ACCENT_COLOR_NAME = AccentColor;
				CODE_SIGN_ENTITLEMENTS = "NPCGen Assist/NPCGen Assist.entitlements";
				CODE_SIGN_STYLE = Automatic;
				CURRENT_PROJECT_VERSION = 1;
				DEVELOPMENT_ASSET_PATHS = "\"NPCGen Assist/Preview Content\"";
				DEVELOPMENT_TEAM = 96SB47X67B;
				ENABLE_PREVIEWS = YES;
				GENERATE_INFOPLIST_FILE = YES;
				INFOPLIST_KEY_UIApplicationSceneManifest_Generation = YES;
				INFOPLIST_KEY_UIApplicationSupportsIndirectInputEvents = YES;
				INFOPLIST_KEY_UILaunchScreen_Generation = YES;
				INFOPLIST_KEY_UISupportedInterfaceOrientations_iPad = "UIInterfaceOrientationPortrait UIInterfaceOrientationPortraitUpsideDown UIInterfaceOrientationLandscapeLeft UIInterfaceOrientationLandscapeRight";
				INFOPLIST_KEY_UISupportedInterfaceOrientations_iPhone = "UIInterfaceOrientationPortrait UIInterfaceOrientationLandscapeLeft UIInterfaceOrientationLandscapeRight";
				LD_RUNPATH_SEARCH_PATHS = (
					"$(inherited)",
					"@executable_path/Frameworks",
				);
				MARKETING_VERSION = 1.0;
				PRODUCT_BUNDLE_IDENTIFIER = "com.craunincproductions.NPCGen-Assist";
				PRODUCT_NAME = "$(TARGET_NAME)";
				SUPPORTS_MACCATALYST = YES;
				SWIFT_EMIT_LOC_STRINGS = YES;
				SWIFT_VERSION = 5.0;
				TARGETED_DEVICE_FAMILY = "1,2,6";
			};
			name = Release;
		};
		9B79290828116CBD0098DCA0 /* Debug */ = {
			isa = XCBuildConfiguration;
			buildSettings = {
				ALWAYS_EMBED_SWIFT_STANDARD_LIBRARIES = YES;
				BUNDLE_LOADER = "$(TEST_HOST)";
				CODE_SIGN_STYLE = Automatic;
				CURRENT_PROJECT_VERSION = 1;
				DEVELOPMENT_TEAM = 96SB47X67B;
				GENERATE_INFOPLIST_FILE = YES;
				IPHONEOS_DEPLOYMENT_TARGET = 15.4;
				MARKETING_VERSION = 1.0;
				PRODUCT_BUNDLE_IDENTIFIER = "com.craunincproductions.NPCGen-AssistTests";
				PRODUCT_NAME = "$(TARGET_NAME)";
				SWIFT_EMIT_LOC_STRINGS = NO;
				SWIFT_VERSION = 5.0;
				TARGETED_DEVICE_FAMILY = "1,2";
				TEST_HOST = "$(BUILT_PRODUCTS_DIR)/NPCGen Assist.app/NPCGen Assist";
			};
			name = Debug;
		};
		9B79290928116CBD0098DCA0 /* Release */ = {
			isa = XCBuildConfiguration;
			buildSettings = {
				ALWAYS_EMBED_SWIFT_STANDARD_LIBRARIES = YES;
				BUNDLE_LOADER = "$(TEST_HOST)";
				CODE_SIGN_STYLE = Automatic;
				CURRENT_PROJECT_VERSION = 1;
				DEVELOPMENT_TEAM = 96SB47X67B;
				GENERATE_INFOPLIST_FILE = YES;
				IPHONEOS_DEPLOYMENT_TARGET = 15.4;
				MARKETING_VERSION = 1.0;
				PRODUCT_BUNDLE_IDENTIFIER = "com.craunincproductions.NPCGen-AssistTests";
				PRODUCT_NAME = "$(TARGET_NAME)";
				SWIFT_EMIT_LOC_STRINGS = NO;
				SWIFT_VERSION = 5.0;
				TARGETED_DEVICE_FAMILY = "1,2";
				TEST_HOST = "$(BUILT_PRODUCTS_DIR)/NPCGen Assist.app/NPCGen Assist";
			};
			name = Release;
		};
		9B7F96B828799078008A1861 /* Debug */ = {
			isa = XCBuildConfiguration;
			buildSettings = {
				BUNDLE_LOADER = "$(TEST_HOST)";
				CODE_SIGN_STYLE = Automatic;
				CURRENT_PROJECT_VERSION = 1;
				DEVELOPMENT_TEAM = 96SB47X67B;
				GENERATE_INFOPLIST_FILE = YES;
				MARKETING_VERSION = 1.0;
				PRODUCT_BUNDLE_IDENTIFIER = com.craunincproductions.NPCGenAssistTests;
				PRODUCT_NAME = "$(TARGET_NAME)";
				SWIFT_EMIT_LOC_STRINGS = NO;
				SWIFT_VERSION = 5.0;
				TARGETED_DEVICE_FAMILY = "1,2";
				TEST_HOST = "$(BUILT_PRODUCTS_DIR)/NPCGen Assist.app/NPCGen Assist";
			};
			name = Debug;
		};
		9B7F96B928799078008A1861 /* Release */ = {
			isa = XCBuildConfiguration;
			buildSettings = {
				BUNDLE_LOADER = "$(TEST_HOST)";
				CODE_SIGN_STYLE = Automatic;
				CURRENT_PROJECT_VERSION = 1;
				DEVELOPMENT_TEAM = 96SB47X67B;
				GENERATE_INFOPLIST_FILE = YES;
				MARKETING_VERSION = 1.0;
				PRODUCT_BUNDLE_IDENTIFIER = com.craunincproductions.NPCGenAssistTests;
				PRODUCT_NAME = "$(TARGET_NAME)";
				SWIFT_EMIT_LOC_STRINGS = NO;
				SWIFT_VERSION = 5.0;
				TARGETED_DEVICE_FAMILY = "1,2";
				TEST_HOST = "$(BUILT_PRODUCTS_DIR)/NPCGen Assist.app/NPCGen Assist";
			};
			name = Release;
		};
/* End XCBuildConfiguration section */

/* Begin XCConfigurationList section */
		9B7928DB28116CBC0098DCA0 /* Build configuration list for PBXProject "NPCGen Assist" */ = {
			isa = XCConfigurationList;
			buildConfigurations = (
				9B79290228116CBD0098DCA0 /* Debug */,
				9B79290328116CBD0098DCA0 /* Release */,
			);
			defaultConfigurationIsVisible = 0;
			defaultConfigurationName = Release;
		};
		9B79290428116CBD0098DCA0 /* Build configuration list for PBXNativeTarget "NPCGen Assist" */ = {
			isa = XCConfigurationList;
			buildConfigurations = (
				9B79290528116CBD0098DCA0 /* Debug */,
				9B79290628116CBD0098DCA0 /* Release */,
			);
			defaultConfigurationIsVisible = 0;
			defaultConfigurationName = Release;
		};
		9B79290728116CBD0098DCA0 /* Build configuration list for PBXNativeTarget "NPCGen AssistTests" */ = {
			isa = XCConfigurationList;
			buildConfigurations = (
				9B79290828116CBD0098DCA0 /* Debug */,
				9B79290928116CBD0098DCA0 /* Release */,
			);
			defaultConfigurationIsVisible = 0;
			defaultConfigurationName = Release;
		};
		9B7F96B728799078008A1861 /* Build configuration list for PBXNativeTarget "NPCGenAssistTests" */ = {
			isa = XCConfigurationList;
			buildConfigurations = (
				9B7F96B828799078008A1861 /* Debug */,
				9B7F96B928799078008A1861 /* Release */,
			);
			defaultConfigurationIsVisible = 0;
			defaultConfigurationName = Release;
		};
/* End XCConfigurationList section */

/* Begin XCSwiftPackageProductDependency section */
		9B06FE47288B3D5300C79D15 /* Rulebook */ = {
			isa = XCSwiftPackageProductDependency;
			productName = Rulebook;
		};
		9BC9FC95288B36DC00885E5A /* FireStorage */ = {
			isa = XCSwiftPackageProductDependency;
			productName = FireStorage;
		};
/* End XCSwiftPackageProductDependency section */
	};
	rootObject = 9B7928D828116CBC0098DCA0 /* Project object */;
}
